
Microsoft Visual Studio Solution File, Format Version 12.00
# Visual Studio Version 17
VisualStudioVersion = 17.8.34408.163
MinimumVisualStudioVersion = 10.0.40219.1
Project("{8BC9CEB8-8B4A-11D0-8D11-00A0C91BC942}") = "LagaetChat", "LagaetChat\LagaetChat.vcxproj", "{41095698-B220-43D2-84E7-C378B578E7AF}"
EndProject
Global
	GlobalSection(SolutionConfigurationPlatforms) = preSolution
		Debug|x64 = Debug|x64
		Debug|x86 = Debug|x86
		Release|x64 = Release|x64
		Release|x86 = Release|x86
	EndGlobalSection
	GlobalSection(ProjectConfigurationPlatforms) = postSolution
		{41095698-B220-43D2-84E7-C378B578E7AF}.Debug|x64.ActiveCfg = Debug|x64
		{41095698-B220-43D2-84E7-C378B578E7AF}.Debug|x64.Build.0 = Debug|x64
		{41095698-B220-43D2-84E7-C378B578E7AF}.Debug|x86.ActiveCfg = Debug|Win32
		{41095698-B220-43D2-84E7-C378B578E7AF}.Debug|x86.Build.0 = Debug|Win32
		{41095698-B220-43D2-84E7-C378B578E7AF}.Release|x64.ActiveCfg = Release|x64
		{41095698-B220-43D2-84E7-C378B578E7AF}.Release|x64.Build.0 = Release|x64
		{41095698-B220-43D2-84E7-C378B578E7AF}.Release|x86.ActiveCfg = Release|Win32
		{41095698-B220-43D2-84E7-C378B578E7AF}.Release|x86.Build.0 = Release|Win32
	EndGlobalSection
	GlobalSection(SolutionProperties) = preSolution
		HideSolutionNode = FALSE
	EndGlobalSection
	GlobalSection(ExtensibilityGlobals) = postSolution
		SolutionGuid = {D0FE3400-CE16-41B4-A658-46ED2FA535C6}
	EndGlobalSection
EndGlobal
